
Microsoft Visual Studio Solution File, Format Version 12.00
# Visual Studio 15
VisualStudioVersion = 15.0.28307.572
MinimumVisualStudioVersion = 10.0.40219.1
Project("{FAE04EC0-301F-11D3-BF4B-00C04F79EFBC}") = "Qhta.DbUtils.NET.SqlServer", "Qhta.DbUtils.NET.SqlServer.csproj", "{E80C0150-2934-428B-936A-CC48006FC237}"
EndProject
Project("{FAE04EC0-301F-11D3-BF4B-00C04F79EFBC}") = "Qhta.DbUtils.NET.Test", "..\Qhta.DbUtils.NET.Test\Qhta.DbUtils.NET.Test.csproj", "{458D586D-1C75-4118-B199-1654D321927B}"
EndProject
Project("{FAE04EC0-301F-11D3-BF4B-00C04F79EFBC}") = "Qhta.DbUtils.NET", "..\Qhta.DbUtils.NET\Qhta.DbUtils.NET.csproj", "{0DF32104-4B29-4336-B6E2-FC7FEC742E4C}"
EndProject
Global
	GlobalSection(SolutionConfigurationPlatforms) = preSolution
		Debug|Any CPU = Debug|Any CPU
		Release|Any CPU = Release|Any CPU
	EndGlobalSection
	GlobalSection(ProjectConfigurationPlatforms) = postSolution
		{E80C0150-2934-428B-936A-CC48006FC237}.Debug|Any CPU.ActiveCfg = Debug|Any CPU
		{E80C0150-2934-428B-936A-CC48006FC237}.Debug|Any CPU.Build.0 = Debug|Any CPU
		{E80C0150-2934-428B-936A-CC48006FC237}.Release|Any CPU.ActiveCfg = Release|Any CPU
		{E80C0150-2934-428B-936A-CC48006FC237}.Release|Any CPU.Build.0 = Release|Any CPU
		{458D586D-1C75-4118-B199-1654D321927B}.Debug|Any CPU.ActiveCfg = Debug|Any CPU
		{458D586D-1C75-4118-B199-1654D321927B}.Debug|Any CPU.Build.0 = Debug|Any CPU
		{458D586D-1C75-4118-B199-1654D321927B}.Release|Any CPU.ActiveCfg = Release|Any CPU
		{458D586D-1C75-4118-B199-1654D321927B}.Release|Any CPU.Build.0 = Release|Any CPU
		{0DF32104-4B29-4336-B6E2-FC7FEC742E4C}.Debug|Any CPU.ActiveCfg = Debug|Any CPU
		{0DF32104-4B29-4336-B6E2-FC7FEC742E4C}.Debug|Any CPU.Build.0 = Debug|Any CPU
		{0DF32104-4B29-4336-B6E2-FC7FEC742E4C}.Release|Any CPU.ActiveCfg = Release|Any CPU
		{0DF32104-4B29-4336-B6E2-FC7FEC742E4C}.Release|Any CPU.Build.0 = Release|Any CPU
	EndGlobalSection
	GlobalSection(SolutionProperties) = preSolution
		HideSolutionNode = FALSE
	EndGlobalSection
	GlobalSection(ExtensibilityGlobals) = postSolution
		SolutionGuid = {02399B51-367B-4285-916D-5C005CC74255}
	EndGlobalSection
EndGlobal
