
Microsoft Visual Studio Solution File, Format Version 12.00
# Visual Studio Version 17
VisualStudioVersion = 17.7.34221.43
MinimumVisualStudioVersion = 10.0.40219.1
Project("{9A19103F-16F7-4668-BE54-9A1E7A4F7556}") = "Qhta.TestUtilities", "Qhta.TestUtilities.csproj", "{5C17C893-F163-45AC-8A88-E0F2776CF625}"
EndProject
Global
	GlobalSection(SolutionConfigurationPlatforms) = preSolution
		Debug|Any CPU = Debug|Any CPU
		Release|Any CPU = Release|Any CPU
	EndGlobalSection
	GlobalSection(ProjectConfigurationPlatforms) = postSolution
		{5C17C893-F163-45AC-8A88-E0F2776CF625}.Debug|Any CPU.ActiveCfg = Debug|Any CPU
		{5C17C893-F163-45AC-8A88-E0F2776CF625}.Debug|Any CPU.Build.0 = Debug|Any CPU
		{5C17C893-F163-45AC-8A88-E0F2776CF625}.Release|Any CPU.ActiveCfg = Release|Any CPU
		{5C17C893-F163-45AC-8A88-E0F2776CF625}.Release|Any CPU.Build.0 = Release|Any CPU
	EndGlobalSection
	GlobalSection(SolutionProperties) = preSolution
		HideSolutionNode = FALSE
	EndGlobalSection
	GlobalSection(ExtensibilityGlobals) = postSolution
		SolutionGuid = {88E75087-25F4-4FE9-BEBA-5B870E02F249}
	EndGlobalSection
EndGlobal
