
Microsoft Visual Studio Solution File, Format Version 12.00
# Visual Studio Version 18
VisualStudioVersion = 18.1.11312.151
MinimumVisualStudioVersion = 10.0.40219.1
Project("{9A19103F-16F7-4668-BE54-9A1E7A4F7556}") = "SerializationTest", "SerializationTest\SerializationTest.csproj", "{E36324A9-D1CF-4E8E-B514-E3150949913D}"
EndProject
Project("{FAE04EC0-301F-11D3-BF4B-00C04F79EFBC}") = "Qhta.Xml.Serialization", "..\Qhta.Xml.Serialization\Qhta.Xml.Serialization.csproj", "{C4A0AAB3-A95C-17A5-D086-8B1EC6F29F84}"
EndProject
Project("{FAE04EC0-301F-11D3-BF4B-00C04F79EFBC}") = "Qhta.Conversion", "..\Qhta.Conversion\Qhta.Conversion.csproj", "{96099EFD-0F25-567A-80B5-BC5CD4C65DE3}"
EndProject
Global
	GlobalSection(SolutionConfigurationPlatforms) = preSolution
		Debug|Any CPU = Debug|Any CPU
		Release|Any CPU = Release|Any CPU
	EndGlobalSection
	GlobalSection(ProjectConfigurationPlatforms) = postSolution
		{E36324A9-D1CF-4E8E-B514-E3150949913D}.Debug|Any CPU.ActiveCfg = Debug|Any CPU
		{E36324A9-D1CF-4E8E-B514-E3150949913D}.Debug|Any CPU.Build.0 = Debug|Any CPU
		{E36324A9-D1CF-4E8E-B514-E3150949913D}.Release|Any CPU.ActiveCfg = Release|Any CPU
		{E36324A9-D1CF-4E8E-B514-E3150949913D}.Release|Any CPU.Build.0 = Release|Any CPU
		{C4A0AAB3-A95C-17A5-D086-8B1EC6F29F84}.Debug|Any CPU.ActiveCfg = Debug|Any CPU
		{C4A0AAB3-A95C-17A5-D086-8B1EC6F29F84}.Debug|Any CPU.Build.0 = Debug|Any CPU
		{C4A0AAB3-A95C-17A5-D086-8B1EC6F29F84}.Release|Any CPU.ActiveCfg = Release|Any CPU
		{C4A0AAB3-A95C-17A5-D086-8B1EC6F29F84}.Release|Any CPU.Build.0 = Release|Any CPU
		{96099EFD-0F25-567A-80B5-BC5CD4C65DE3}.Debug|Any CPU.ActiveCfg = Debug|Any CPU
		{96099EFD-0F25-567A-80B5-BC5CD4C65DE3}.Debug|Any CPU.Build.0 = Debug|Any CPU
		{96099EFD-0F25-567A-80B5-BC5CD4C65DE3}.Release|Any CPU.ActiveCfg = Release|Any CPU
		{96099EFD-0F25-567A-80B5-BC5CD4C65DE3}.Release|Any CPU.Build.0 = Release|Any CPU
	EndGlobalSection
	GlobalSection(SolutionProperties) = preSolution
		HideSolutionNode = FALSE
	EndGlobalSection
	GlobalSection(ExtensibilityGlobals) = postSolution
		SolutionGuid = {34F41FDA-E00B-4AC3-878F-988C43599196}
	EndGlobalSection
EndGlobal
