
Microsoft Visual Studio Solution File, Format Version 12.00
# Visual Studio Version 16
VisualStudioVersion = 16.0.30804.86
MinimumVisualStudioVersion = 10.0.40219.1
Project("{9A19103F-16F7-4668-BE54-9A1E7A4F7556}") = "Qhta.RegularExpressions", "Qhta.RegularExpressions.csproj", "{0B0C55F8-B0AE-44ED-9D23-B45A9F98BE85}"
EndProject
Project("{FAE04EC0-301F-11D3-BF4B-00C04F79EFBC}") = "RegExTaggerTest", "RegExTaggerTest\RegExTaggerTest.csproj", "{A3293FA7-4736-4C16-B2C1-ABD414FF0C05}"
EndProject
Project("{9A19103F-16F7-4668-BE54-9A1E7A4F7556}") = "Qhta.RegularExpressions.Descriptions", "Qhta.RegularExpressions.Descriptions\Qhta.RegularExpressions.Descriptions.csproj", "{79FA7295-E04C-413D-B9E9-7E0E95AF7BCD}"
EndProject
Project("{2150E333-8FDC-42A3-9474-1A3956D46DE8}") = "Solution Items", "Solution Items", "{57CE1806-AB2B-4095-9763-914C41A18BC4}"
	ProjectSection(SolutionItems) = preProject
		License.txt = License.txt
	EndProjectSection
EndProject
Project("{9A19103F-16F7-4668-BE54-9A1E7A4F7556}") = "Qhta.RegularExpressions.ConsoleDrawing", "Qhta.RegularExpressions.ConsoleDrawing\Qhta.RegularExpressions.ConsoleDrawing.csproj", "{DAE2D168-4FE1-4480-AB28-2B2DE8823C7C}"
EndProject
Project("{FAE04EC0-301F-11D3-BF4B-00C04F79EFBC}") = "FastColoredTextBox", "..\..\FastColoredTextBox\FastColoredTextBox\FastColoredTextBox.csproj", "{6DD14A85-CCFC-4774-BD26-0F5772512319}"
EndProject
Project("{FAE04EC0-301F-11D3-BF4B-00C04F79EFBC}") = "Qhta.RegularExpressions.FCTB.Test", "Qhta.RegularExpressions.FCTB.Test\Qhta.RegularExpressions.FCTB.Test.csproj", "{EE604824-0106-41FD-85E7-68F501FFA0DB}"
EndProject
Project("{FAE04EC0-301F-11D3-BF4B-00C04F79EFBC}") = "Qhta.RegularExpressions.FCTB.Tools", "Qhta.RegularExpressions.FCTB.Tools\Qhta.RegularExpressions.FCTB.Tools.csproj", "{875AD37D-412A-4F93-809B-5DA16B1BD7CB}"
EndProject
Global
	GlobalSection(SolutionConfigurationPlatforms) = preSolution
		Debug|Any CPU = Debug|Any CPU
		Release|Any CPU = Release|Any CPU
	EndGlobalSection
	GlobalSection(ProjectConfigurationPlatforms) = postSolution
		{0B0C55F8-B0AE-44ED-9D23-B45A9F98BE85}.Debug|Any CPU.ActiveCfg = Debug|Any CPU
		{0B0C55F8-B0AE-44ED-9D23-B45A9F98BE85}.Debug|Any CPU.Build.0 = Debug|Any CPU
		{0B0C55F8-B0AE-44ED-9D23-B45A9F98BE85}.Release|Any CPU.ActiveCfg = Release|Any CPU
		{0B0C55F8-B0AE-44ED-9D23-B45A9F98BE85}.Release|Any CPU.Build.0 = Release|Any CPU
		{A3293FA7-4736-4C16-B2C1-ABD414FF0C05}.Debug|Any CPU.ActiveCfg = Debug|Any CPU
		{A3293FA7-4736-4C16-B2C1-ABD414FF0C05}.Debug|Any CPU.Build.0 = Debug|Any CPU
		{A3293FA7-4736-4C16-B2C1-ABD414FF0C05}.Release|Any CPU.ActiveCfg = Release|Any CPU
		{A3293FA7-4736-4C16-B2C1-ABD414FF0C05}.Release|Any CPU.Build.0 = Release|Any CPU
		{79FA7295-E04C-413D-B9E9-7E0E95AF7BCD}.Debug|Any CPU.ActiveCfg = Debug|Any CPU
		{79FA7295-E04C-413D-B9E9-7E0E95AF7BCD}.Debug|Any CPU.Build.0 = Debug|Any CPU
		{79FA7295-E04C-413D-B9E9-7E0E95AF7BCD}.Release|Any CPU.ActiveCfg = Release|Any CPU
		{79FA7295-E04C-413D-B9E9-7E0E95AF7BCD}.Release|Any CPU.Build.0 = Release|Any CPU
		{DAE2D168-4FE1-4480-AB28-2B2DE8823C7C}.Debug|Any CPU.ActiveCfg = Debug|Any CPU
		{DAE2D168-4FE1-4480-AB28-2B2DE8823C7C}.Debug|Any CPU.Build.0 = Debug|Any CPU
		{DAE2D168-4FE1-4480-AB28-2B2DE8823C7C}.Release|Any CPU.ActiveCfg = Release|Any CPU
		{DAE2D168-4FE1-4480-AB28-2B2DE8823C7C}.Release|Any CPU.Build.0 = Release|Any CPU
		{6DD14A85-CCFC-4774-BD26-0F5772512319}.Debug|Any CPU.ActiveCfg = Debug|Any CPU
		{6DD14A85-CCFC-4774-BD26-0F5772512319}.Debug|Any CPU.Build.0 = Debug|Any CPU
		{6DD14A85-CCFC-4774-BD26-0F5772512319}.Release|Any CPU.ActiveCfg = Release|Any CPU
		{6DD14A85-CCFC-4774-BD26-0F5772512319}.Release|Any CPU.Build.0 = Release|Any CPU
		{EE604824-0106-41FD-85E7-68F501FFA0DB}.Debug|Any CPU.ActiveCfg = Debug|Any CPU
		{EE604824-0106-41FD-85E7-68F501FFA0DB}.Debug|Any CPU.Build.0 = Debug|Any CPU
		{EE604824-0106-41FD-85E7-68F501FFA0DB}.Release|Any CPU.ActiveCfg = Release|Any CPU
		{EE604824-0106-41FD-85E7-68F501FFA0DB}.Release|Any CPU.Build.0 = Release|Any CPU
		{875AD37D-412A-4F93-809B-5DA16B1BD7CB}.Debug|Any CPU.ActiveCfg = Debug|Any CPU
		{875AD37D-412A-4F93-809B-5DA16B1BD7CB}.Debug|Any CPU.Build.0 = Debug|Any CPU
		{875AD37D-412A-4F93-809B-5DA16B1BD7CB}.Release|Any CPU.ActiveCfg = Release|Any CPU
		{875AD37D-412A-4F93-809B-5DA16B1BD7CB}.Release|Any CPU.Build.0 = Release|Any CPU
	EndGlobalSection
	GlobalSection(SolutionProperties) = preSolution
		HideSolutionNode = FALSE
	EndGlobalSection
	GlobalSection(ExtensibilityGlobals) = postSolution
		SolutionGuid = {CEC89398-6DF9-415E-9506-79CB4B623367}
	EndGlobalSection
EndGlobal
