
Microsoft Visual Studio Solution File, Format Version 12.00
# Visual Studio Version 16
VisualStudioVersion = 16.0.30804.86
MinimumVisualStudioVersion = 10.0.40219.1
Project("{9A19103F-16F7-4668-BE54-9A1E7A4F7556}") = "Qhta.RegularExpressions", "Qhta.RegularExpressions.csproj", "{0B0C55F8-B0AE-44ED-9D23-B45A9F98BE85}"
EndProject
Project("{FAE04EC0-301F-11D3-BF4B-00C04F79EFBC}") = "RegExTaggerTest", "RegExTaggerTest\RegExTaggerTest.csproj", "{A3293FA7-4736-4C16-B2C1-ABD414FF0C05}"
EndProject
Project("{9A19103F-16F7-4668-BE54-9A1E7A4F7556}") = "Qhta.RegularExpressions.Descriptions", "Qhta.RegularExpressions.Descriptions\Qhta.RegularExpressions.Descriptions.csproj", "{79FA7295-E04C-413D-B9E9-7E0E95AF7BCD}"
EndProject
Global
	GlobalSection(SolutionConfigurationPlatforms) = preSolution
		Debug|Any CPU = Debug|Any CPU
		Release|Any CPU = Release|Any CPU
	EndGlobalSection
	GlobalSection(ProjectConfigurationPlatforms) = postSolution
		{0B0C55F8-B0AE-44ED-9D23-B45A9F98BE85}.Debug|Any CPU.ActiveCfg = Debug|Any CPU
		{0B0C55F8-B0AE-44ED-9D23-B45A9F98BE85}.Debug|Any CPU.Build.0 = Debug|Any CPU
		{0B0C55F8-B0AE-44ED-9D23-B45A9F98BE85}.Release|Any CPU.ActiveCfg = Release|Any CPU
		{0B0C55F8-B0AE-44ED-9D23-B45A9F98BE85}.Release|Any CPU.Build.0 = Release|Any CPU
		{A3293FA7-4736-4C16-B2C1-ABD414FF0C05}.Debug|Any CPU.ActiveCfg = Debug|Any CPU
		{A3293FA7-4736-4C16-B2C1-ABD414FF0C05}.Debug|Any CPU.Build.0 = Debug|Any CPU
		{A3293FA7-4736-4C16-B2C1-ABD414FF0C05}.Release|Any CPU.ActiveCfg = Release|Any CPU
		{A3293FA7-4736-4C16-B2C1-ABD414FF0C05}.Release|Any CPU.Build.0 = Release|Any CPU
		{79FA7295-E04C-413D-B9E9-7E0E95AF7BCD}.Debug|Any CPU.ActiveCfg = Debug|Any CPU
		{79FA7295-E04C-413D-B9E9-7E0E95AF7BCD}.Debug|Any CPU.Build.0 = Debug|Any CPU
		{79FA7295-E04C-413D-B9E9-7E0E95AF7BCD}.Release|Any CPU.ActiveCfg = Release|Any CPU
		{79FA7295-E04C-413D-B9E9-7E0E95AF7BCD}.Release|Any CPU.Build.0 = Release|Any CPU
	EndGlobalSection
	GlobalSection(SolutionProperties) = preSolution
		HideSolutionNode = FALSE
	EndGlobalSection
	GlobalSection(ExtensibilityGlobals) = postSolution
		SolutionGuid = {CEC89398-6DF9-415E-9506-79CB4B623367}
	EndGlobalSection
EndGlobal
