
Microsoft Visual Studio Solution File, Format Version 12.00
# Visual Studio Version 17
VisualStudioVersion = 17.13.35931.197 d17.13
MinimumVisualStudioVersion = 10.0.40219.1
Project("{FAE04EC0-301F-11D3-BF4B-00C04F79EFBC}") = "Qhta.MVVM4EF", "Qhta.MVVM4EF\Qhta.MVVM4EF.csproj", "{B327DC2F-93E0-4143-8DD1-B2079DD24B88}"
EndProject
Global
	GlobalSection(SolutionConfigurationPlatforms) = preSolution
		Debug|Any CPU = Debug|Any CPU
		Release|Any CPU = Release|Any CPU
	EndGlobalSection
	GlobalSection(ProjectConfigurationPlatforms) = postSolution
		{B327DC2F-93E0-4143-8DD1-B2079DD24B88}.Debug|Any CPU.ActiveCfg = Debug|Any CPU
		{B327DC2F-93E0-4143-8DD1-B2079DD24B88}.Debug|Any CPU.Build.0 = Debug|Any CPU
		{B327DC2F-93E0-4143-8DD1-B2079DD24B88}.Release|Any CPU.ActiveCfg = Release|Any CPU
		{B327DC2F-93E0-4143-8DD1-B2079DD24B88}.Release|Any CPU.Build.0 = Release|Any CPU
	EndGlobalSection
	GlobalSection(SolutionProperties) = preSolution
		HideSolutionNode = FALSE
	EndGlobalSection
	GlobalSection(ExtensibilityGlobals) = postSolution
		SolutionGuid = {14BA7235-9C68-4C79-B9B1-5CA71AACDDE1}
	EndGlobalSection
EndGlobal
