
Microsoft Visual Studio Solution File, Format Version 12.00
# Visual Studio 15
VisualStudioVersion = 15.0.28010.2046
MinimumVisualStudioVersion = 10.0.40219.1
Project("{FAE04EC0-301F-11D3-BF4B-00C04F79EFBC}") = "Qhta.WPF.Controls", "Qhta.WPF.Controls.csproj", "{337E1DEE-1494-434B-8A36-DE929A3805D7}"
EndProject
Global
	GlobalSection(SolutionConfigurationPlatforms) = preSolution
		Debug|Any CPU = Debug|Any CPU
		Release|Any CPU = Release|Any CPU
	EndGlobalSection
	GlobalSection(ProjectConfigurationPlatforms) = postSolution
		{337E1DEE-1494-434B-8A36-DE929A3805D7}.Debug|Any CPU.ActiveCfg = Debug|Any CPU
		{337E1DEE-1494-434B-8A36-DE929A3805D7}.Debug|Any CPU.Build.0 = Debug|Any CPU
		{337E1DEE-1494-434B-8A36-DE929A3805D7}.Release|Any CPU.ActiveCfg = Release|Any CPU
		{337E1DEE-1494-434B-8A36-DE929A3805D7}.Release|Any CPU.Build.0 = Release|Any CPU
	EndGlobalSection
	GlobalSection(SolutionProperties) = preSolution
		HideSolutionNode = FALSE
	EndGlobalSection
	GlobalSection(ExtensibilityGlobals) = postSolution
		SolutionGuid = {8164C8DD-C860-41E1-9C0C-4F9B53FCC750}
	EndGlobalSection
EndGlobal
