
Microsoft Visual Studio Solution File, Format Version 12.00
# Visual Studio Version 17
VisualStudioVersion = 17.13.35806.99
MinimumVisualStudioVersion = 10.0.40219.1
Project("{FAE04EC0-301F-11D3-BF4B-00C04F79EFBC}") = "Qhta.SF.Tools", "..\..\Qhta.SF.Tools\Qhta.SF.Tools.csproj", "{481AF1B5-4523-49F2-9523-1A25CEE2AF5E}"
EndProject
Project("{FAE04EC0-301F-11D3-BF4B-00C04F79EFBC}") = "Qhta.UndoManager", "..\..\Qhta.UndoManager\Qhta.UndoManager.csproj", "{B9F75327-B01B-46B8-B2B5-66178460EF90}"
EndProject
Project("{FAE04EC0-301F-11D3-BF4B-00C04F79EFBC}") = "Qhta.UnicodeBuild", "Qhta.UnicodeBuild.csproj", "{38FDE1CD-E5FC-AF6E-3AE8-AD610771FA41}"
EndProject
Global
	GlobalSection(SolutionConfigurationPlatforms) = preSolution
		Debug|Any CPU = Debug|Any CPU
		Release|Any CPU = Release|Any CPU
	EndGlobalSection
	GlobalSection(ProjectConfigurationPlatforms) = postSolution
		{481AF1B5-4523-49F2-9523-1A25CEE2AF5E}.Debug|Any CPU.ActiveCfg = Debug|Any CPU
		{481AF1B5-4523-49F2-9523-1A25CEE2AF5E}.Debug|Any CPU.Build.0 = Debug|Any CPU
		{481AF1B5-4523-49F2-9523-1A25CEE2AF5E}.Release|Any CPU.ActiveCfg = Release|Any CPU
		{481AF1B5-4523-49F2-9523-1A25CEE2AF5E}.Release|Any CPU.Build.0 = Release|Any CPU
		{B9F75327-B01B-46B8-B2B5-66178460EF90}.Debug|Any CPU.ActiveCfg = Debug|Any CPU
		{B9F75327-B01B-46B8-B2B5-66178460EF90}.Debug|Any CPU.Build.0 = Debug|Any CPU
		{B9F75327-B01B-46B8-B2B5-66178460EF90}.Release|Any CPU.ActiveCfg = Release|Any CPU
		{B9F75327-B01B-46B8-B2B5-66178460EF90}.Release|Any CPU.Build.0 = Release|Any CPU
		{38FDE1CD-E5FC-AF6E-3AE8-AD610771FA41}.Debug|Any CPU.ActiveCfg = Debug|Any CPU
		{38FDE1CD-E5FC-AF6E-3AE8-AD610771FA41}.Debug|Any CPU.Build.0 = Debug|Any CPU
		{38FDE1CD-E5FC-AF6E-3AE8-AD610771FA41}.Release|Any CPU.ActiveCfg = Release|Any CPU
		{38FDE1CD-E5FC-AF6E-3AE8-AD610771FA41}.Release|Any CPU.Build.0 = Release|Any CPU
	EndGlobalSection
	GlobalSection(SolutionProperties) = preSolution
		HideSolutionNode = FALSE
	EndGlobalSection
	GlobalSection(ExtensibilityGlobals) = postSolution
		SolutionGuid = {C103F401-E156-4721-A057-256A9C44B741}
	EndGlobalSection
EndGlobal
