
Microsoft Visual Studio Solution File, Format Version 12.00
# Visual Studio Version 17
VisualStudioVersion = 17.13.35806.99
MinimumVisualStudioVersion = 10.0.40219.1
Project("{FAE04EC0-301F-11D3-BF4B-00C04F79EFBC}") = "Qhta.SF.WPF.Tools", "..\..\Qhta.SF.WPF.Tools\Qhta.SF.WPF.Tools.csproj", "{A93107B7-2349-7D05-A178-25E37B578F52}"
EndProject
Project("{FAE04EC0-301F-11D3-BF4B-00C04F79EFBC}") = "Qhta.UnicodeBuild", "Qhta.UnicodeBuild.csproj", "{38FDE1CD-E5FC-AF6E-3AE8-AD610771FA41}"
EndProject
Project("{FAE04EC0-301F-11D3-BF4B-00C04F79EFBC}") = "ExtractPhrases", "..\ExtractPhrases\ExtractPhrases.csproj", "{966EB4C7-5086-4C33-9867-BA65D56F3414}"
EndProject
Project("{FAE04EC0-301F-11D3-BF4B-00C04F79EFBC}") = "UnicodeCompiler", "..\UnicodeCompiler\UnicodeCompiler.csproj", "{EDEBF09E-40D6-4F39-9CF6-4A0E8105718D}"
EndProject
Global
	GlobalSection(SolutionConfigurationPlatforms) = preSolution
		Debug|Any CPU = Debug|Any CPU
		Release|Any CPU = Release|Any CPU
	EndGlobalSection
	GlobalSection(ProjectConfigurationPlatforms) = postSolution
		{A93107B7-2349-7D05-A178-25E37B578F52}.Debug|Any CPU.ActiveCfg = Debug|Any CPU
		{A93107B7-2349-7D05-A178-25E37B578F52}.Debug|Any CPU.Build.0 = Debug|Any CPU
		{A93107B7-2349-7D05-A178-25E37B578F52}.Release|Any CPU.ActiveCfg = Release|Any CPU
		{A93107B7-2349-7D05-A178-25E37B578F52}.Release|Any CPU.Build.0 = Release|Any CPU
		{38FDE1CD-E5FC-AF6E-3AE8-AD610771FA41}.Debug|Any CPU.ActiveCfg = Debug|Any CPU
		{38FDE1CD-E5FC-AF6E-3AE8-AD610771FA41}.Debug|Any CPU.Build.0 = Debug|Any CPU
		{38FDE1CD-E5FC-AF6E-3AE8-AD610771FA41}.Release|Any CPU.ActiveCfg = Release|Any CPU
		{38FDE1CD-E5FC-AF6E-3AE8-AD610771FA41}.Release|Any CPU.Build.0 = Release|Any CPU
		{966EB4C7-5086-4C33-9867-BA65D56F3414}.Debug|Any CPU.ActiveCfg = Debug|Any CPU
		{966EB4C7-5086-4C33-9867-BA65D56F3414}.Debug|Any CPU.Build.0 = Debug|Any CPU
		{966EB4C7-5086-4C33-9867-BA65D56F3414}.Release|Any CPU.ActiveCfg = Release|Any CPU
		{966EB4C7-5086-4C33-9867-BA65D56F3414}.Release|Any CPU.Build.0 = Release|Any CPU
		{EDEBF09E-40D6-4F39-9CF6-4A0E8105718D}.Debug|Any CPU.ActiveCfg = Debug|Any CPU
		{EDEBF09E-40D6-4F39-9CF6-4A0E8105718D}.Debug|Any CPU.Build.0 = Debug|Any CPU
		{EDEBF09E-40D6-4F39-9CF6-4A0E8105718D}.Release|Any CPU.ActiveCfg = Release|Any CPU
		{EDEBF09E-40D6-4F39-9CF6-4A0E8105718D}.Release|Any CPU.Build.0 = Release|Any CPU
	EndGlobalSection
	GlobalSection(SolutionProperties) = preSolution
		HideSolutionNode = FALSE
	EndGlobalSection
	GlobalSection(ExtensibilityGlobals) = postSolution
		SolutionGuid = {C103F401-E156-4721-A057-256A9C44B741}
	EndGlobalSection
EndGlobal
