
Microsoft Visual Studio Solution File, Format Version 12.00
# Visual Studio Version 17
VisualStudioVersion = 17.6.33829.357
MinimumVisualStudioVersion = 10.0.40219.1
Project("{9A19103F-16F7-4668-BE54-9A1E7A4F7556}") = "Qhta.Xml.Serialization", "Qhta.Xml.Serialization.csproj", "{D937450D-CAFF-452B-BDA9-A8555CDE141F}"
EndProject
Global
	GlobalSection(SolutionConfigurationPlatforms) = preSolution
		Debug|Any CPU = Debug|Any CPU
		Release|Any CPU = Release|Any CPU
	EndGlobalSection
	GlobalSection(ProjectConfigurationPlatforms) = postSolution
		{D937450D-CAFF-452B-BDA9-A8555CDE141F}.Debug|Any CPU.ActiveCfg = Debug|Any CPU
		{D937450D-CAFF-452B-BDA9-A8555CDE141F}.Debug|Any CPU.Build.0 = Debug|Any CPU
		{D937450D-CAFF-452B-BDA9-A8555CDE141F}.Release|Any CPU.ActiveCfg = Release|Any CPU
		{D937450D-CAFF-452B-BDA9-A8555CDE141F}.Release|Any CPU.Build.0 = Release|Any CPU
	EndGlobalSection
	GlobalSection(SolutionProperties) = preSolution
		HideSolutionNode = FALSE
	EndGlobalSection
	GlobalSection(ExtensibilityGlobals) = postSolution
		SolutionGuid = {9185508A-CA59-4AB6-AE87-976EC419032E}
	EndGlobalSection
EndGlobal
