
Microsoft Visual Studio Solution File, Format Version 10.00
# Visual Studio 2008
Project("{FAE04EC0-301F-11D3-BF4B-00C04F79EFBC}") = "TestTypeUtils", "TestTypeUtils\TestTypeUtils.csproj", "{0E38948F-64AD-4C22-B1E6-0B8027109B75}"
EndProject
Project("{2150E333-8FDC-42A3-9474-1A3956D46DE8}") = "Solution Items", "Solution Items", "{24564303-CD0F-4E0D-B8DD-C591740A1733}"
	ProjectSection(SolutionItems) = preProject
		LocalTestRun.testrunconfig = LocalTestRun.testrunconfig
		TestTypeUtils.vsmdi = TestTypeUtils.vsmdi
	EndProjectSection
EndProject
Project("{FAE04EC0-301F-11D3-BF4B-00C04F79EFBC}") = "TypeUtils", "..\TypeUtils\TypeUtils.csproj", "{396887BF-8E36-4A5B-928F-1D2F8C18187F}"
EndProject
Global
	GlobalSection(TestCaseManagementSettings) = postSolution
		CategoryFile = TestTypeUtils.vsmdi
	EndGlobalSection
	GlobalSection(SolutionConfigurationPlatforms) = preSolution
		Debug|Any CPU = Debug|Any CPU
		Release|Any CPU = Release|Any CPU
	EndGlobalSection
	GlobalSection(ProjectConfigurationPlatforms) = postSolution
		{0E38948F-64AD-4C22-B1E6-0B8027109B75}.Debug|Any CPU.ActiveCfg = Debug|Any CPU
		{0E38948F-64AD-4C22-B1E6-0B8027109B75}.Debug|Any CPU.Build.0 = Debug|Any CPU
		{0E38948F-64AD-4C22-B1E6-0B8027109B75}.Release|Any CPU.ActiveCfg = Release|Any CPU
		{0E38948F-64AD-4C22-B1E6-0B8027109B75}.Release|Any CPU.Build.0 = Release|Any CPU
		{396887BF-8E36-4A5B-928F-1D2F8C18187F}.Debug|Any CPU.ActiveCfg = Debug|Any CPU
		{396887BF-8E36-4A5B-928F-1D2F8C18187F}.Debug|Any CPU.Build.0 = Debug|Any CPU
		{396887BF-8E36-4A5B-928F-1D2F8C18187F}.Release|Any CPU.ActiveCfg = Release|Any CPU
		{396887BF-8E36-4A5B-928F-1D2F8C18187F}.Release|Any CPU.Build.0 = Release|Any CPU
	EndGlobalSection
	GlobalSection(SolutionProperties) = preSolution
		HideSolutionNode = FALSE
	EndGlobalSection
EndGlobal
