
Microsoft Visual Studio Solution File, Format Version 12.00
# Visual Studio Version 17
VisualStudioVersion = 17.14.36429.23 d17.14
MinimumVisualStudioVersion = 10.0.40219.1
Project("{FAE04EC0-301F-11D3-BF4B-00C04F79EFBC}") = "QuestWA", "QuestWA\QuestWA.csproj", "{88D76EC0-A5B1-4219-898B-CFD25DDAC282}"
EndProject
Project("{FAE04EC0-301F-11D3-BF4B-00C04F79EFBC}") = "QuestWA.Server", "QuestWA.Server\QuestWA.Server.csproj", "{69C4AB8B-6539-42A0-BF18-F6E5CBE05EE4}"
EndProject
Global
	GlobalSection(SolutionConfigurationPlatforms) = preSolution
		Debug|Any CPU = Debug|Any CPU
		Release|Any CPU = Release|Any CPU
	EndGlobalSection
	GlobalSection(ProjectConfigurationPlatforms) = postSolution
		{88D76EC0-A5B1-4219-898B-CFD25DDAC282}.Debug|Any CPU.ActiveCfg = Debug|Any CPU
		{88D76EC0-A5B1-4219-898B-CFD25DDAC282}.Debug|Any CPU.Build.0 = Debug|Any CPU
		{88D76EC0-A5B1-4219-898B-CFD25DDAC282}.Release|Any CPU.ActiveCfg = Release|Any CPU
		{88D76EC0-A5B1-4219-898B-CFD25DDAC282}.Release|Any CPU.Build.0 = Release|Any CPU
		{69C4AB8B-6539-42A0-BF18-F6E5CBE05EE4}.Debug|Any CPU.ActiveCfg = Debug|Any CPU
		{69C4AB8B-6539-42A0-BF18-F6E5CBE05EE4}.Debug|Any CPU.Build.0 = Debug|Any CPU
		{69C4AB8B-6539-42A0-BF18-F6E5CBE05EE4}.Release|Any CPU.ActiveCfg = Release|Any CPU
		{69C4AB8B-6539-42A0-BF18-F6E5CBE05EE4}.Release|Any CPU.Build.0 = Release|Any CPU
	EndGlobalSection
	GlobalSection(SolutionProperties) = preSolution
		HideSolutionNode = FALSE
	EndGlobalSection
	GlobalSection(ExtensibilityGlobals) = postSolution
		SolutionGuid = {67A1ED06-2B93-4570-ADDE-C532BA4880A4}
	EndGlobalSection
EndGlobal
